
Microsoft Visual Studio Solution File, Format Version 12.00
# Visual Studio Version 17
VisualStudioVersion = 17.9.34728.123
MinimumVisualStudioVersion = 10.0.40219.1
Project("{FAE04EC0-301F-11D3-BF4B-00C04F79EFBC}") = "pryTPLab2", "pryTPLab2.csproj", "{A464C981-FBF6-468A-B3EF-B88C9D74DD8F}"
EndProject
Global
	GlobalSection(SolutionConfigurationPlatforms) = preSolution
		Debug|Any CPU = Debug|Any CPU
		Release|Any CPU = Release|Any CPU
	EndGlobalSection
	GlobalSection(ProjectConfigurationPlatforms) = postSolution
		{A464C981-FBF6-468A-B3EF-B88C9D74DD8F}.Debug|Any CPU.ActiveCfg = Debug|Any CPU
		{A464C981-FBF6-468A-B3EF-B88C9D74DD8F}.Debug|Any CPU.Build.0 = Debug|Any CPU
		{A464C981-FBF6-468A-B3EF-B88C9D74DD8F}.Release|Any CPU.ActiveCfg = Release|Any CPU
		{A464C981-FBF6-468A-B3EF-B88C9D74DD8F}.Release|Any CPU.Build.0 = Release|Any CPU
	EndGlobalSection
	GlobalSection(SolutionProperties) = preSolution
		HideSolutionNode = FALSE
	EndGlobalSection
	GlobalSection(ExtensibilityGlobals) = postSolution
		SolutionGuid = {2EF16C90-5BBF-441C-ACFE-5F0E022D627F}
	EndGlobalSection
EndGlobal
